
Microsoft Visual Studio Solution File, Format Version 12.00
# Visual Studio 2013
VisualStudioVersion = 12.0.31101.0
MinimumVisualStudioVersion = 10.0.40219.1
Project("{FAE04EC0-301F-11D3-BF4B-00C04F79EFBC}") = "NovaBurst.ModularTypeScript.AppX.Core.UI", "NovaBurst.ModularTypeScript.AppX.Core.UI\NovaBurst.ModularTypeScript.AppX.Core.UI.csproj", "{C24A4FE2-DF72-4DCB-9DA5-CCFAAE80B81E}"
	ProjectSection(ProjectDependencies) = postProject
		{B13283DB-75D4-4A95-9CAA-DF2D94E547F8} = {B13283DB-75D4-4A95-9CAA-DF2D94E547F8}
	EndProjectSection
EndProject
Project("{FAE04EC0-301F-11D3-BF4B-00C04F79EFBC}") = "NovaBurst.ModularTypeScript.AppX.Sales.UI", "NovaBurst.ModularTypeScript.AppX.Sales.UI\NovaBurst.ModularTypeScript.AppX.Sales.UI.csproj", "{958C8A72-2046-48A1-819E-B3746C0AE615}"
	ProjectSection(ProjectDependencies) = postProject
		{B13283DB-75D4-4A95-9CAA-DF2D94E547F8} = {B13283DB-75D4-4A95-9CAA-DF2D94E547F8}
		{C24A4FE2-DF72-4DCB-9DA5-CCFAAE80B81E} = {C24A4FE2-DF72-4DCB-9DA5-CCFAAE80B81E}
	EndProjectSection
EndProject
Project("{FAE04EC0-301F-11D3-BF4B-00C04F79EFBC}") = "NovaBurst.ModularTypeScript.AppX.Front.Host", "NovaBurst.ModularTypeScript.AppX.Front.Host\NovaBurst.ModularTypeScript.AppX.Front.Host.csproj", "{CEF5F1D9-9674-48E2-82FD-32288314AC19}"
	ProjectSection(ProjectDependencies) = postProject
		{A1393F60-C816-4DA9-BC7C-AEE6B5D6D978} = {A1393F60-C816-4DA9-BC7C-AEE6B5D6D978}
		{958C8A72-2046-48A1-819E-B3746C0AE615} = {958C8A72-2046-48A1-819E-B3746C0AE615}
		{B13283DB-75D4-4A95-9CAA-DF2D94E547F8} = {B13283DB-75D4-4A95-9CAA-DF2D94E547F8}
		{C24A4FE2-DF72-4DCB-9DA5-CCFAAE80B81E} = {C24A4FE2-DF72-4DCB-9DA5-CCFAAE80B81E}
	EndProjectSection
EndProject
Project("{2150E333-8FDC-42A3-9474-1A3956D46DE8}") = "01. Core", "01. Core", "{EFB64586-8738-4A60-9425-32BD9B5C242C}"
EndProject
Project("{FAE04EC0-301F-11D3-BF4B-00C04F79EFBC}") = "NovaBurst.ModularTypeScript.Core.UI", "NovaBurst.ModularTypeScript.Core.UI\NovaBurst.ModularTypeScript.Core.UI.csproj", "{B13283DB-75D4-4A95-9CAA-DF2D94E547F8}"
EndProject
Project("{FAE04EC0-301F-11D3-BF4B-00C04F79EFBC}") = "NovaBurst.ModularTypeScript.AppX.Front.UI", "NovaBurst.ModularTypeScript.AppX.Front.UI\NovaBurst.ModularTypeScript.AppX.Front.UI.csproj", "{A1393F60-C816-4DA9-BC7C-AEE6B5D6D978}"
	ProjectSection(ProjectDependencies) = postProject
		{958C8A72-2046-48A1-819E-B3746C0AE615} = {958C8A72-2046-48A1-819E-B3746C0AE615}
		{B13283DB-75D4-4A95-9CAA-DF2D94E547F8} = {B13283DB-75D4-4A95-9CAA-DF2D94E547F8}
		{C24A4FE2-DF72-4DCB-9DA5-CCFAAE80B81E} = {C24A4FE2-DF72-4DCB-9DA5-CCFAAE80B81E}
	EndProjectSection
EndProject
Project("{2150E333-8FDC-42A3-9474-1A3956D46DE8}") = "02. AppX.Core", "02. AppX.Core", "{74EEDC49-5AF6-4489-AF26-B8D4C516424A}"
EndProject
Project("{2150E333-8FDC-42A3-9474-1A3956D46DE8}") = "03. AppX.Sales", "03. AppX.Sales", "{2F7CC940-E814-4C38-BCED-F084DA0124F2}"
EndProject
Project("{2150E333-8FDC-42A3-9474-1A3956D46DE8}") = "04. AppX.Front", "04. AppX.Front", "{BB79A639-E6AF-4F85-885C-57F952C203D8}"
EndProject
Project("{2150E333-8FDC-42A3-9474-1A3956D46DE8}") = "Solution Items", "Solution Items", "{C8FD8C07-722B-49F8-AA29-6474BCE974ED}"
	ProjectSection(SolutionItems) = preProject
		WebEssentials-Settings.json = WebEssentials-Settings.json
	EndProjectSection
EndProject
Project("{FAE04EC0-301F-11D3-BF4B-00C04F79EFBC}") = "NovaBurst.ModularTypeScript.Core", "NovaBurst.ModularTypeScript.Core\NovaBurst.ModularTypeScript.Core.csproj", "{D0B72D9B-1A61-4D13-B9EA-F0AACEB11CBC}"
EndProject
Project("{FAE04EC0-301F-11D3-BF4B-00C04F79EFBC}") = "NovaBurst.ModularTypeScript.AppX.Sales.WebApi", "NovaBurst.ModularTypeScript.AppX.Sales.WebApi\NovaBurst.ModularTypeScript.AppX.Sales.WebApi.csproj", "{CDD1C22D-2D3A-4EAC-ABDA-78551C166E3C}"
EndProject
Project("{FAE04EC0-301F-11D3-BF4B-00C04F79EFBC}") = "NovaBurst.ModularTypeScript.AppX.Core.WebApi", "NovaBurst.ModularTypeScript.AppX.Core.WebApi\NovaBurst.ModularTypeScript.AppX.Core.WebApi.csproj", "{26B32A72-46ED-4AD3-8B71-4AF0D9B80129}"
EndProject
Project("{FAE04EC0-301F-11D3-BF4B-00C04F79EFBC}") = "NovaBurst.ModularTypeScript.AppX.Front.Node", "NovaBurst.ModularTypeScript.AppX.Front.Node\NovaBurst.ModularTypeScript.AppX.Front.Node.csproj", "{A2AA6311-50A8-41E9-9258-4FA49891852A}"
EndProject
Project("{9092AA53-FB77-4645-B42D-1CCCA6BD08BD}") = "NovaBurst.ModularTypeScript.Core.NodeJs", "NovaBurst.ModularTypeScript.Core.NodeJs\NovaBurst.ModularTypeScript.Core.NodeJs.njsproj", "{DE6293E6-1580-47EF-A2FC-8FF57AE718DF}"
EndProject
Global
	GlobalSection(SolutionConfigurationPlatforms) = preSolution
		Debug|Any CPU = Debug|Any CPU
		Release|Any CPU = Release|Any CPU
	EndGlobalSection
	GlobalSection(ProjectConfigurationPlatforms) = postSolution
		{C24A4FE2-DF72-4DCB-9DA5-CCFAAE80B81E}.Debug|Any CPU.ActiveCfg = Debug|Any CPU
		{C24A4FE2-DF72-4DCB-9DA5-CCFAAE80B81E}.Debug|Any CPU.Build.0 = Debug|Any CPU
		{C24A4FE2-DF72-4DCB-9DA5-CCFAAE80B81E}.Release|Any CPU.ActiveCfg = Release|Any CPU
		{C24A4FE2-DF72-4DCB-9DA5-CCFAAE80B81E}.Release|Any CPU.Build.0 = Release|Any CPU
		{958C8A72-2046-48A1-819E-B3746C0AE615}.Debug|Any CPU.ActiveCfg = Debug|Any CPU
		{958C8A72-2046-48A1-819E-B3746C0AE615}.Debug|Any CPU.Build.0 = Debug|Any CPU
		{958C8A72-2046-48A1-819E-B3746C0AE615}.Release|Any CPU.ActiveCfg = Release|Any CPU
		{958C8A72-2046-48A1-819E-B3746C0AE615}.Release|Any CPU.Build.0 = Release|Any CPU
		{CEF5F1D9-9674-48E2-82FD-32288314AC19}.Debug|Any CPU.ActiveCfg = Debug|Any CPU
		{CEF5F1D9-9674-48E2-82FD-32288314AC19}.Debug|Any CPU.Build.0 = Debug|Any CPU
		{CEF5F1D9-9674-48E2-82FD-32288314AC19}.Release|Any CPU.ActiveCfg = Release|Any CPU
		{CEF5F1D9-9674-48E2-82FD-32288314AC19}.Release|Any CPU.Build.0 = Release|Any CPU
		{B13283DB-75D4-4A95-9CAA-DF2D94E547F8}.Debug|Any CPU.ActiveCfg = Debug|Any CPU
		{B13283DB-75D4-4A95-9CAA-DF2D94E547F8}.Debug|Any CPU.Build.0 = Debug|Any CPU
		{B13283DB-75D4-4A95-9CAA-DF2D94E547F8}.Release|Any CPU.ActiveCfg = Release|Any CPU
		{B13283DB-75D4-4A95-9CAA-DF2D94E547F8}.Release|Any CPU.Build.0 = Release|Any CPU
		{A1393F60-C816-4DA9-BC7C-AEE6B5D6D978}.Debug|Any CPU.ActiveCfg = Debug|Any CPU
		{A1393F60-C816-4DA9-BC7C-AEE6B5D6D978}.Debug|Any CPU.Build.0 = Debug|Any CPU
		{A1393F60-C816-4DA9-BC7C-AEE6B5D6D978}.Release|Any CPU.ActiveCfg = Release|Any CPU
		{A1393F60-C816-4DA9-BC7C-AEE6B5D6D978}.Release|Any CPU.Build.0 = Release|Any CPU
		{D0B72D9B-1A61-4D13-B9EA-F0AACEB11CBC}.Debug|Any CPU.ActiveCfg = Debug|Any CPU
		{D0B72D9B-1A61-4D13-B9EA-F0AACEB11CBC}.Debug|Any CPU.Build.0 = Debug|Any CPU
		{D0B72D9B-1A61-4D13-B9EA-F0AACEB11CBC}.Release|Any CPU.ActiveCfg = Release|Any CPU
		{D0B72D9B-1A61-4D13-B9EA-F0AACEB11CBC}.Release|Any CPU.Build.0 = Release|Any CPU
		{CDD1C22D-2D3A-4EAC-ABDA-78551C166E3C}.Debug|Any CPU.ActiveCfg = Debug|Any CPU
		{CDD1C22D-2D3A-4EAC-ABDA-78551C166E3C}.Debug|Any CPU.Build.0 = Debug|Any CPU
		{CDD1C22D-2D3A-4EAC-ABDA-78551C166E3C}.Release|Any CPU.ActiveCfg = Release|Any CPU
		{CDD1C22D-2D3A-4EAC-ABDA-78551C166E3C}.Release|Any CPU.Build.0 = Release|Any CPU
		{26B32A72-46ED-4AD3-8B71-4AF0D9B80129}.Debug|Any CPU.ActiveCfg = Debug|Any CPU
		{26B32A72-46ED-4AD3-8B71-4AF0D9B80129}.Debug|Any CPU.Build.0 = Debug|Any CPU
		{26B32A72-46ED-4AD3-8B71-4AF0D9B80129}.Release|Any CPU.ActiveCfg = Release|Any CPU
		{26B32A72-46ED-4AD3-8B71-4AF0D9B80129}.Release|Any CPU.Build.0 = Release|Any CPU
		{A2AA6311-50A8-41E9-9258-4FA49891852A}.Debug|Any CPU.ActiveCfg = Debug|Any CPU
		{A2AA6311-50A8-41E9-9258-4FA49891852A}.Debug|Any CPU.Build.0 = Debug|Any CPU
		{A2AA6311-50A8-41E9-9258-4FA49891852A}.Release|Any CPU.ActiveCfg = Release|Any CPU
		{A2AA6311-50A8-41E9-9258-4FA49891852A}.Release|Any CPU.Build.0 = Release|Any CPU
		{DE6293E6-1580-47EF-A2FC-8FF57AE718DF}.Debug|Any CPU.ActiveCfg = Debug|Any CPU
		{DE6293E6-1580-47EF-A2FC-8FF57AE718DF}.Debug|Any CPU.Build.0 = Debug|Any CPU
		{DE6293E6-1580-47EF-A2FC-8FF57AE718DF}.Release|Any CPU.ActiveCfg = Release|Any CPU
		{DE6293E6-1580-47EF-A2FC-8FF57AE718DF}.Release|Any CPU.Build.0 = Release|Any CPU
	EndGlobalSection
	GlobalSection(SolutionProperties) = preSolution
		HideSolutionNode = FALSE
	EndGlobalSection
	GlobalSection(NestedProjects) = preSolution
		{C24A4FE2-DF72-4DCB-9DA5-CCFAAE80B81E} = {74EEDC49-5AF6-4489-AF26-B8D4C516424A}
		{958C8A72-2046-48A1-819E-B3746C0AE615} = {2F7CC940-E814-4C38-BCED-F084DA0124F2}
		{CEF5F1D9-9674-48E2-82FD-32288314AC19} = {BB79A639-E6AF-4F85-885C-57F952C203D8}
		{B13283DB-75D4-4A95-9CAA-DF2D94E547F8} = {EFB64586-8738-4A60-9425-32BD9B5C242C}
		{A1393F60-C816-4DA9-BC7C-AEE6B5D6D978} = {BB79A639-E6AF-4F85-885C-57F952C203D8}
		{D0B72D9B-1A61-4D13-B9EA-F0AACEB11CBC} = {EFB64586-8738-4A60-9425-32BD9B5C242C}
		{CDD1C22D-2D3A-4EAC-ABDA-78551C166E3C} = {2F7CC940-E814-4C38-BCED-F084DA0124F2}
		{26B32A72-46ED-4AD3-8B71-4AF0D9B80129} = {74EEDC49-5AF6-4489-AF26-B8D4C516424A}
		{A2AA6311-50A8-41E9-9258-4FA49891852A} = {BB79A639-E6AF-4F85-885C-57F952C203D8}
		{DE6293E6-1580-47EF-A2FC-8FF57AE718DF} = {EFB64586-8738-4A60-9425-32BD9B5C242C}
	EndGlobalSection
EndGlobal
