
Microsoft Visual Studio Solution File, Format Version 12.00
# Visual Studio 2013
VisualStudioVersion = 12.0.31101.0
MinimumVisualStudioVersion = 10.0.40219.1
Project("{FAE04EC0-301F-11D3-BF4B-00C04F79EFBC}") = "NovaBurst.ModularTypeScript.Person.UI", "NovaBurst.ModularTypeScript.Person.UI\NovaBurst.ModularTypeScript.Person.UI.csproj", "{C24A4FE2-DF72-4DCB-9DA5-CCFAAE80B81E}"
	ProjectSection(ProjectDependencies) = postProject
		{B13283DB-75D4-4A95-9CAA-DF2D94E547F8} = {B13283DB-75D4-4A95-9CAA-DF2D94E547F8}
	EndProjectSection
EndProject
Project("{FAE04EC0-301F-11D3-BF4B-00C04F79EFBC}") = "NovaBurst.ModularTypeScript.Sales.UI", "NovaBurst.ModularTypeScript.Sales.UI\NovaBurst.ModularTypeScript.Sales.UI.csproj", "{958C8A72-2046-48A1-819E-B3746C0AE615}"
	ProjectSection(ProjectDependencies) = postProject
		{B13283DB-75D4-4A95-9CAA-DF2D94E547F8} = {B13283DB-75D4-4A95-9CAA-DF2D94E547F8}
		{C24A4FE2-DF72-4DCB-9DA5-CCFAAE80B81E} = {C24A4FE2-DF72-4DCB-9DA5-CCFAAE80B81E}
	EndProjectSection
EndProject
Project("{FAE04EC0-301F-11D3-BF4B-00C04F79EFBC}") = "NovaBurst.ModularTypeScript.Front.Host", "NovaBurst.ModularTypeScript.Front.Host\NovaBurst.ModularTypeScript.Front.Host.csproj", "{CEF5F1D9-9674-48E2-82FD-32288314AC19}"
	ProjectSection(ProjectDependencies) = postProject
		{A1393F60-C816-4DA9-BC7C-AEE6B5D6D978} = {A1393F60-C816-4DA9-BC7C-AEE6B5D6D978}
		{958C8A72-2046-48A1-819E-B3746C0AE615} = {958C8A72-2046-48A1-819E-B3746C0AE615}
		{B13283DB-75D4-4A95-9CAA-DF2D94E547F8} = {B13283DB-75D4-4A95-9CAA-DF2D94E547F8}
		{C24A4FE2-DF72-4DCB-9DA5-CCFAAE80B81E} = {C24A4FE2-DF72-4DCB-9DA5-CCFAAE80B81E}
	EndProjectSection
EndProject
Project("{2150E333-8FDC-42A3-9474-1A3956D46DE8}") = "01. Core", "01. Core", "{EFB64586-8738-4A60-9425-32BD9B5C242C}"
EndProject
Project("{FAE04EC0-301F-11D3-BF4B-00C04F79EFBC}") = "NovaBurst.ModularTypeScript.Core.UI", "NovaBurst.ModularTypeScript.Core.UI\NovaBurst.ModularTypeScript.Core.UI.csproj", "{B13283DB-75D4-4A95-9CAA-DF2D94E547F8}"
EndProject
Project("{FAE04EC0-301F-11D3-BF4B-00C04F79EFBC}") = "NovaBurst.ModularTypeScript.Front.UI", "NovaBurst.ModularTypeScript.Front.UI\NovaBurst.ModularTypeScript.Front.UI.csproj", "{A1393F60-C816-4DA9-BC7C-AEE6B5D6D978}"
	ProjectSection(ProjectDependencies) = postProject
		{958C8A72-2046-48A1-819E-B3746C0AE615} = {958C8A72-2046-48A1-819E-B3746C0AE615}
		{B13283DB-75D4-4A95-9CAA-DF2D94E547F8} = {B13283DB-75D4-4A95-9CAA-DF2D94E547F8}
		{C24A4FE2-DF72-4DCB-9DA5-CCFAAE80B81E} = {C24A4FE2-DF72-4DCB-9DA5-CCFAAE80B81E}
	EndProjectSection
EndProject
Project("{2150E333-8FDC-42A3-9474-1A3956D46DE8}") = "02. Person", "02. Person", "{74EEDC49-5AF6-4489-AF26-B8D4C516424A}"
EndProject
Project("{2150E333-8FDC-42A3-9474-1A3956D46DE8}") = "03. Sales", "03. Sales", "{2F7CC940-E814-4C38-BCED-F084DA0124F2}"
EndProject
Project("{2150E333-8FDC-42A3-9474-1A3956D46DE8}") = "04. Front", "04. Front", "{BB79A639-E6AF-4F85-885C-57F952C203D8}"
EndProject
Global
	GlobalSection(SolutionConfigurationPlatforms) = preSolution
		Debug|Any CPU = Debug|Any CPU
		Release|Any CPU = Release|Any CPU
	EndGlobalSection
	GlobalSection(ProjectConfigurationPlatforms) = postSolution
		{C24A4FE2-DF72-4DCB-9DA5-CCFAAE80B81E}.Debug|Any CPU.ActiveCfg = Debug|Any CPU
		{C24A4FE2-DF72-4DCB-9DA5-CCFAAE80B81E}.Debug|Any CPU.Build.0 = Debug|Any CPU
		{C24A4FE2-DF72-4DCB-9DA5-CCFAAE80B81E}.Release|Any CPU.ActiveCfg = Release|Any CPU
		{C24A4FE2-DF72-4DCB-9DA5-CCFAAE80B81E}.Release|Any CPU.Build.0 = Release|Any CPU
		{958C8A72-2046-48A1-819E-B3746C0AE615}.Debug|Any CPU.ActiveCfg = Debug|Any CPU
		{958C8A72-2046-48A1-819E-B3746C0AE615}.Debug|Any CPU.Build.0 = Debug|Any CPU
		{958C8A72-2046-48A1-819E-B3746C0AE615}.Release|Any CPU.ActiveCfg = Release|Any CPU
		{958C8A72-2046-48A1-819E-B3746C0AE615}.Release|Any CPU.Build.0 = Release|Any CPU
		{CEF5F1D9-9674-48E2-82FD-32288314AC19}.Debug|Any CPU.ActiveCfg = Debug|Any CPU
		{CEF5F1D9-9674-48E2-82FD-32288314AC19}.Debug|Any CPU.Build.0 = Debug|Any CPU
		{CEF5F1D9-9674-48E2-82FD-32288314AC19}.Release|Any CPU.ActiveCfg = Release|Any CPU
		{CEF5F1D9-9674-48E2-82FD-32288314AC19}.Release|Any CPU.Build.0 = Release|Any CPU
		{B13283DB-75D4-4A95-9CAA-DF2D94E547F8}.Debug|Any CPU.ActiveCfg = Debug|Any CPU
		{B13283DB-75D4-4A95-9CAA-DF2D94E547F8}.Debug|Any CPU.Build.0 = Debug|Any CPU
		{B13283DB-75D4-4A95-9CAA-DF2D94E547F8}.Release|Any CPU.ActiveCfg = Release|Any CPU
		{B13283DB-75D4-4A95-9CAA-DF2D94E547F8}.Release|Any CPU.Build.0 = Release|Any CPU
		{A1393F60-C816-4DA9-BC7C-AEE6B5D6D978}.Debug|Any CPU.ActiveCfg = Debug|Any CPU
		{A1393F60-C816-4DA9-BC7C-AEE6B5D6D978}.Debug|Any CPU.Build.0 = Debug|Any CPU
		{A1393F60-C816-4DA9-BC7C-AEE6B5D6D978}.Release|Any CPU.ActiveCfg = Release|Any CPU
		{A1393F60-C816-4DA9-BC7C-AEE6B5D6D978}.Release|Any CPU.Build.0 = Release|Any CPU
	EndGlobalSection
	GlobalSection(SolutionProperties) = preSolution
		HideSolutionNode = FALSE
	EndGlobalSection
	GlobalSection(NestedProjects) = preSolution
		{C24A4FE2-DF72-4DCB-9DA5-CCFAAE80B81E} = {74EEDC49-5AF6-4489-AF26-B8D4C516424A}
		{958C8A72-2046-48A1-819E-B3746C0AE615} = {2F7CC940-E814-4C38-BCED-F084DA0124F2}
		{CEF5F1D9-9674-48E2-82FD-32288314AC19} = {BB79A639-E6AF-4F85-885C-57F952C203D8}
		{B13283DB-75D4-4A95-9CAA-DF2D94E547F8} = {EFB64586-8738-4A60-9425-32BD9B5C242C}
		{A1393F60-C816-4DA9-BC7C-AEE6B5D6D978} = {BB79A639-E6AF-4F85-885C-57F952C203D8}
	EndGlobalSection
EndGlobal
